
Microsoft Visual Studio Solution File, Format Version 12.00
# Visual Studio 15
VisualStudioVersion = 15.0.27703.2042
MinimumVisualStudioVersion = 10.0.40219.1
Project("{FAE04EC0-301F-11D3-BF4B-00C04F79EFBC}") = "Taurit.Config.Catalog", "Taurit.Config.Catalog\Taurit.Config.Catalog.csproj", "{1FE287D6-4C09-4A7F-85A1-9B3463285366}"
EndProject
Global
	GlobalSection(SolutionConfigurationPlatforms) = preSolution
		Debug|Any CPU = Debug|Any CPU
		Release|Any CPU = Release|Any CPU
	EndGlobalSection
	GlobalSection(ProjectConfigurationPlatforms) = postSolution
		{1FE287D6-4C09-4A7F-85A1-9B3463285366}.Debug|Any CPU.ActiveCfg = Debug|Any CPU
		{1FE287D6-4C09-4A7F-85A1-9B3463285366}.Debug|Any CPU.Build.0 = Debug|Any CPU
		{1FE287D6-4C09-4A7F-85A1-9B3463285366}.Release|Any CPU.ActiveCfg = Release|Any CPU
		{1FE287D6-4C09-4A7F-85A1-9B3463285366}.Release|Any CPU.Build.0 = Release|Any CPU
	EndGlobalSection
	GlobalSection(SolutionProperties) = preSolution
		HideSolutionNode = FALSE
	EndGlobalSection
	GlobalSection(ExtensibilityGlobals) = postSolution
		SolutionGuid = {4CDA3E30-5CC7-4D48-B9DE-8E80200C029B}
	EndGlobalSection
EndGlobal
